
Microsoft Visual Studio Solution File, Format Version 12.00
# Visual Studio 15
VisualStudioVersion = 15.0.26730.16
MinimumVisualStudioVersion = 10.0.40219.1
Project("{FAE04EC0-301F-11D3-BF4B-00C04F79EFBC}") = "CursorTest", "CursorTest\CursorTest.csproj", "{29FBFE97-7167-4E61-ACC4-E565CDBEF9CD}"
EndProject
Global
	GlobalSection(SolutionConfigurationPlatforms) = preSolution
		Debug|Any CPU = Debug|Any CPU
		Release|Any CPU = Release|Any CPU
	EndGlobalSection
	GlobalSection(ProjectConfigurationPlatforms) = postSolution
		{29FBFE97-7167-4E61-ACC4-E565CDBEF9CD}.Debug|Any CPU.ActiveCfg = Debug|Any CPU
		{29FBFE97-7167-4E61-ACC4-E565CDBEF9CD}.Debug|Any CPU.Build.0 = Debug|Any CPU
		{29FBFE97-7167-4E61-ACC4-E565CDBEF9CD}.Release|Any CPU.ActiveCfg = Release|Any CPU
		{29FBFE97-7167-4E61-ACC4-E565CDBEF9CD}.Release|Any CPU.Build.0 = Release|Any CPU
	EndGlobalSection
	GlobalSection(SolutionProperties) = preSolution
		HideSolutionNode = FALSE
	EndGlobalSection
	GlobalSection(ExtensibilityGlobals) = postSolution
		SolutionGuid = {35BDD53B-E7FB-4751-A780-36CC69AED01B}
	EndGlobalSection
EndGlobal
